
Microsoft Visual Studio Solution File, Format Version 12.00
# Visual Studio Version 17
VisualStudioVersion = 17.12.35707.178
MinimumVisualStudioVersion = 10.0.40219.1
Project("{FAE04EC0-301F-11D3-BF4B-00C04F79EFBC}") = "SPSD.WinFormsApp", "SPSD.WinFormsApp\SPSD.WinFormsApp.csproj", "{0A018AE6-5E26-427A-A0BB-4E8242365BE1}"
EndProject
Project("{FAE04EC0-301F-11D3-BF4B-00C04F79EFBC}") = "SPSD.WebApi", "SPSD.WebApi\SPSD.WebApi.csproj", "{AB92EE2B-804B-4CFB-B641-496CDA80EBBE}"
EndProject
Project("{FAE04EC0-301F-11D3-BF4B-00C04F79EFBC}") = "TestConsole", "TestConsole\TestConsole.csproj", "{55FCB1C1-F4BB-4CF7-9000-49A498AF83B6}"
EndProject
Project("{2150E333-8FDC-42A3-9474-1A3956D46DE8}") = "cpp", "cpp", "{74E89B76-23A3-46BD-9B82-1265E233717A}"
EndProject
Project("{8BC9CEB8-8B4A-11D0-8D11-00A0C91BC942}") = "box", "box\box.vcxproj", "{A3980AD5-D2CE-4D10-A587-A045D57982DB}"
EndProject
Project("{8BC9CEB8-8B4A-11D0-8D11-00A0C91BC942}") = "model", "model\model.vcxproj", "{116D194E-FFD9-48E7-91A3-4688375D357E}"
EndProject
Project("{FAE04EC0-301F-11D3-BF4B-00C04F79EFBC}") = "ConsoleApp", "ConsoleApp\ConsoleApp.csproj", "{ACA54739-2E02-482B-99BC-031D8F10B913}"
EndProject
Global
	GlobalSection(SolutionConfigurationPlatforms) = preSolution
		Debug|Any CPU = Debug|Any CPU
		Debug|x64 = Debug|x64
		Debug|x86 = Debug|x86
		Release|Any CPU = Release|Any CPU
		Release|x64 = Release|x64
		Release|x86 = Release|x86
	EndGlobalSection
	GlobalSection(ProjectConfigurationPlatforms) = postSolution
		{0A018AE6-5E26-427A-A0BB-4E8242365BE1}.Debug|Any CPU.ActiveCfg = Debug|Any CPU
		{0A018AE6-5E26-427A-A0BB-4E8242365BE1}.Debug|Any CPU.Build.0 = Debug|Any CPU
		{0A018AE6-5E26-427A-A0BB-4E8242365BE1}.Debug|x64.ActiveCfg = Debug|Any CPU
		{0A018AE6-5E26-427A-A0BB-4E8242365BE1}.Debug|x64.Build.0 = Debug|Any CPU
		{0A018AE6-5E26-427A-A0BB-4E8242365BE1}.Debug|x86.ActiveCfg = Debug|Any CPU
		{0A018AE6-5E26-427A-A0BB-4E8242365BE1}.Debug|x86.Build.0 = Debug|Any CPU
		{0A018AE6-5E26-427A-A0BB-4E8242365BE1}.Release|Any CPU.ActiveCfg = Release|Any CPU
		{0A018AE6-5E26-427A-A0BB-4E8242365BE1}.Release|Any CPU.Build.0 = Release|Any CPU
		{0A018AE6-5E26-427A-A0BB-4E8242365BE1}.Release|x64.ActiveCfg = Release|Any CPU
		{0A018AE6-5E26-427A-A0BB-4E8242365BE1}.Release|x64.Build.0 = Release|Any CPU
		{0A018AE6-5E26-427A-A0BB-4E8242365BE1}.Release|x86.ActiveCfg = Release|Any CPU
		{0A018AE6-5E26-427A-A0BB-4E8242365BE1}.Release|x86.Build.0 = Release|Any CPU
		{AB92EE2B-804B-4CFB-B641-496CDA80EBBE}.Debug|Any CPU.ActiveCfg = Debug|Any CPU
		{AB92EE2B-804B-4CFB-B641-496CDA80EBBE}.Debug|Any CPU.Build.0 = Debug|Any CPU
		{AB92EE2B-804B-4CFB-B641-496CDA80EBBE}.Debug|x64.ActiveCfg = Debug|Any CPU
		{AB92EE2B-804B-4CFB-B641-496CDA80EBBE}.Debug|x64.Build.0 = Debug|Any CPU
		{AB92EE2B-804B-4CFB-B641-496CDA80EBBE}.Debug|x86.ActiveCfg = Debug|Any CPU
		{AB92EE2B-804B-4CFB-B641-496CDA80EBBE}.Debug|x86.Build.0 = Debug|Any CPU
		{AB92EE2B-804B-4CFB-B641-496CDA80EBBE}.Release|Any CPU.ActiveCfg = Release|Any CPU
		{AB92EE2B-804B-4CFB-B641-496CDA80EBBE}.Release|Any CPU.Build.0 = Release|Any CPU
		{AB92EE2B-804B-4CFB-B641-496CDA80EBBE}.Release|x64.ActiveCfg = Release|Any CPU
		{AB92EE2B-804B-4CFB-B641-496CDA80EBBE}.Release|x64.Build.0 = Release|Any CPU
		{AB92EE2B-804B-4CFB-B641-496CDA80EBBE}.Release|x86.ActiveCfg = Release|Any CPU
		{AB92EE2B-804B-4CFB-B641-496CDA80EBBE}.Release|x86.Build.0 = Release|Any CPU
		{55FCB1C1-F4BB-4CF7-9000-49A498AF83B6}.Debug|Any CPU.ActiveCfg = Debug|Any CPU
		{55FCB1C1-F4BB-4CF7-9000-49A498AF83B6}.Debug|Any CPU.Build.0 = Debug|Any CPU
		{55FCB1C1-F4BB-4CF7-9000-49A498AF83B6}.Debug|x64.ActiveCfg = Debug|Any CPU
		{55FCB1C1-F4BB-4CF7-9000-49A498AF83B6}.Debug|x64.Build.0 = Debug|Any CPU
		{55FCB1C1-F4BB-4CF7-9000-49A498AF83B6}.Debug|x86.ActiveCfg = Debug|Any CPU
		{55FCB1C1-F4BB-4CF7-9000-49A498AF83B6}.Debug|x86.Build.0 = Debug|Any CPU
		{55FCB1C1-F4BB-4CF7-9000-49A498AF83B6}.Release|Any CPU.ActiveCfg = Release|Any CPU
		{55FCB1C1-F4BB-4CF7-9000-49A498AF83B6}.Release|Any CPU.Build.0 = Release|Any CPU
		{55FCB1C1-F4BB-4CF7-9000-49A498AF83B6}.Release|x64.ActiveCfg = Release|Any CPU
		{55FCB1C1-F4BB-4CF7-9000-49A498AF83B6}.Release|x64.Build.0 = Release|Any CPU
		{55FCB1C1-F4BB-4CF7-9000-49A498AF83B6}.Release|x86.ActiveCfg = Release|Any CPU
		{55FCB1C1-F4BB-4CF7-9000-49A498AF83B6}.Release|x86.Build.0 = Release|Any CPU
		{A3980AD5-D2CE-4D10-A587-A045D57982DB}.Debug|Any CPU.ActiveCfg = Debug|x64
		{A3980AD5-D2CE-4D10-A587-A045D57982DB}.Debug|Any CPU.Build.0 = Debug|x64
		{A3980AD5-D2CE-4D10-A587-A045D57982DB}.Debug|x64.ActiveCfg = Debug|x64
		{A3980AD5-D2CE-4D10-A587-A045D57982DB}.Debug|x64.Build.0 = Debug|x64
		{A3980AD5-D2CE-4D10-A587-A045D57982DB}.Debug|x86.ActiveCfg = Debug|Win32
		{A3980AD5-D2CE-4D10-A587-A045D57982DB}.Debug|x86.Build.0 = Debug|Win32
		{A3980AD5-D2CE-4D10-A587-A045D57982DB}.Release|Any CPU.ActiveCfg = Release|x64
		{A3980AD5-D2CE-4D10-A587-A045D57982DB}.Release|Any CPU.Build.0 = Release|x64
		{A3980AD5-D2CE-4D10-A587-A045D57982DB}.Release|x64.ActiveCfg = Release|x64
		{A3980AD5-D2CE-4D10-A587-A045D57982DB}.Release|x64.Build.0 = Release|x64
		{A3980AD5-D2CE-4D10-A587-A045D57982DB}.Release|x86.ActiveCfg = Release|Win32
		{A3980AD5-D2CE-4D10-A587-A045D57982DB}.Release|x86.Build.0 = Release|Win32
		{116D194E-FFD9-48E7-91A3-4688375D357E}.Debug|Any CPU.ActiveCfg = Debug|x64
		{116D194E-FFD9-48E7-91A3-4688375D357E}.Debug|Any CPU.Build.0 = Debug|x64
		{116D194E-FFD9-48E7-91A3-4688375D357E}.Debug|x64.ActiveCfg = Debug|x64
		{116D194E-FFD9-48E7-91A3-4688375D357E}.Debug|x64.Build.0 = Debug|x64
		{116D194E-FFD9-48E7-91A3-4688375D357E}.Debug|x86.ActiveCfg = Debug|Win32
		{116D194E-FFD9-48E7-91A3-4688375D357E}.Debug|x86.Build.0 = Debug|Win32
		{116D194E-FFD9-48E7-91A3-4688375D357E}.Release|Any CPU.ActiveCfg = Release|x64
		{116D194E-FFD9-48E7-91A3-4688375D357E}.Release|Any CPU.Build.0 = Release|x64
		{116D194E-FFD9-48E7-91A3-4688375D357E}.Release|x64.ActiveCfg = Release|x64
		{116D194E-FFD9-48E7-91A3-4688375D357E}.Release|x64.Build.0 = Release|x64
		{116D194E-FFD9-48E7-91A3-4688375D357E}.Release|x86.ActiveCfg = Release|Win32
		{116D194E-FFD9-48E7-91A3-4688375D357E}.Release|x86.Build.0 = Release|Win32
		{ACA54739-2E02-482B-99BC-031D8F10B913}.Debug|Any CPU.ActiveCfg = Debug|Any CPU
		{ACA54739-2E02-482B-99BC-031D8F10B913}.Debug|Any CPU.Build.0 = Debug|Any CPU
		{ACA54739-2E02-482B-99BC-031D8F10B913}.Debug|x64.ActiveCfg = Debug|Any CPU
		{ACA54739-2E02-482B-99BC-031D8F10B913}.Debug|x64.Build.0 = Debug|Any CPU
		{ACA54739-2E02-482B-99BC-031D8F10B913}.Debug|x86.ActiveCfg = Debug|Any CPU
		{ACA54739-2E02-482B-99BC-031D8F10B913}.Debug|x86.Build.0 = Debug|Any CPU
		{ACA54739-2E02-482B-99BC-031D8F10B913}.Release|Any CPU.ActiveCfg = Release|Any CPU
		{ACA54739-2E02-482B-99BC-031D8F10B913}.Release|Any CPU.Build.0 = Release|Any CPU
		{ACA54739-2E02-482B-99BC-031D8F10B913}.Release|x64.ActiveCfg = Release|Any CPU
		{ACA54739-2E02-482B-99BC-031D8F10B913}.Release|x64.Build.0 = Release|Any CPU
		{ACA54739-2E02-482B-99BC-031D8F10B913}.Release|x86.ActiveCfg = Release|Any CPU
		{ACA54739-2E02-482B-99BC-031D8F10B913}.Release|x86.Build.0 = Release|Any CPU
	EndGlobalSection
	GlobalSection(SolutionProperties) = preSolution
		HideSolutionNode = FALSE
	EndGlobalSection
	GlobalSection(NestedProjects) = preSolution
		{A3980AD5-D2CE-4D10-A587-A045D57982DB} = {74E89B76-23A3-46BD-9B82-1265E233717A}
		{116D194E-FFD9-48E7-91A3-4688375D357E} = {74E89B76-23A3-46BD-9B82-1265E233717A}
	EndGlobalSection
EndGlobal
